
Microsoft Visual Studio Solution File, Format Version 12.00
# Visual Studio Version 16
VisualStudioVersion = 16.0.29613.14
MinimumVisualStudioVersion = 10.0.40219.1
Project("{FAE04EC0-301F-11D3-BF4B-00C04F79EFBC}") = "exercicio7", "exercicio7\exercicio7.csproj", "{F4D33FA2-B4D1-4926-B1F8-0D10C8CB81F2}"
EndProject
Global
	GlobalSection(SolutionConfigurationPlatforms) = preSolution
		Debug|Any CPU = Debug|Any CPU
		Release|Any CPU = Release|Any CPU
	EndGlobalSection
	GlobalSection(ProjectConfigurationPlatforms) = postSolution
		{F4D33FA2-B4D1-4926-B1F8-0D10C8CB81F2}.Debug|Any CPU.ActiveCfg = Debug|Any CPU
		{F4D33FA2-B4D1-4926-B1F8-0D10C8CB81F2}.Debug|Any CPU.Build.0 = Debug|Any CPU
		{F4D33FA2-B4D1-4926-B1F8-0D10C8CB81F2}.Release|Any CPU.ActiveCfg = Release|Any CPU
		{F4D33FA2-B4D1-4926-B1F8-0D10C8CB81F2}.Release|Any CPU.Build.0 = Release|Any CPU
	EndGlobalSection
	GlobalSection(SolutionProperties) = preSolution
		HideSolutionNode = FALSE
	EndGlobalSection
	GlobalSection(ExtensibilityGlobals) = postSolution
		SolutionGuid = {A0423BF9-203E-442D-85CC-0DBC13F38864}
	EndGlobalSection
EndGlobal
